
Microsoft Visual Studio Solution File, Format Version 12.00
# Visual Studio Version 16
VisualStudioVersion = 16.0.30002.166
MinimumVisualStudioVersion = 10.0.40219.1
Project("{FAE04EC0-301F-11D3-BF4B-00C04F79EFBC}") = "xTool", "xTool\xTool.csproj", "{0CD84D68-5F82-4A15-9C4B-8564D7B792A7}"
EndProject
Global
	GlobalSection(SolutionConfigurationPlatforms) = preSolution
		Debug|Any CPU = Debug|Any CPU
		Release|Any CPU = Release|Any CPU
	EndGlobalSection
	GlobalSection(ProjectConfigurationPlatforms) = postSolution
		{0CD84D68-5F82-4A15-9C4B-8564D7B792A7}.Debug|Any CPU.ActiveCfg = Debug|Any CPU
		{0CD84D68-5F82-4A15-9C4B-8564D7B792A7}.Debug|Any CPU.Build.0 = Debug|Any CPU
		{0CD84D68-5F82-4A15-9C4B-8564D7B792A7}.Release|Any CPU.ActiveCfg = Release|Any CPU
		{0CD84D68-5F82-4A15-9C4B-8564D7B792A7}.Release|Any CPU.Build.0 = Release|Any CPU
	EndGlobalSection
	GlobalSection(SolutionProperties) = preSolution
		HideSolutionNode = FALSE
	EndGlobalSection
	GlobalSection(ExtensibilityGlobals) = postSolution
		SolutionGuid = {8C961AC4-79BE-4929-86D2-82C95C5B7986}
	EndGlobalSection
EndGlobal
